
Microsoft Visual Studio Solution File, Format Version 12.00
# Visual Studio Version 17
VisualStudioVersion = 17.2.32616.157
MinimumVisualStudioVersion = 10.0.40219.1
Project("{FAE04EC0-301F-11D3-BF4B-00C04F79EFBC}") = "TMSAPI.api", "TMSAPI.api\TMSAPI.api.csproj", "{F04908D4-A6DC-4DFF-A0E1-4F47BACD5042}"
EndProject
Global
	GlobalSection(SolutionConfigurationPlatforms) = preSolution
		Debug|Any CPU = Debug|Any CPU
		Release|Any CPU = Release|Any CPU
	EndGlobalSection
	GlobalSection(ProjectConfigurationPlatforms) = postSolution
		{F04908D4-A6DC-4DFF-A0E1-4F47BACD5042}.Debug|Any CPU.ActiveCfg = Debug|Any CPU
		{F04908D4-A6DC-4DFF-A0E1-4F47BACD5042}.Debug|Any CPU.Build.0 = Debug|Any CPU
		{F04908D4-A6DC-4DFF-A0E1-4F47BACD5042}.Release|Any CPU.ActiveCfg = Release|Any CPU
		{F04908D4-A6DC-4DFF-A0E1-4F47BACD5042}.Release|Any CPU.Build.0 = Release|Any CPU
	EndGlobalSection
	GlobalSection(SolutionProperties) = preSolution
		HideSolutionNode = FALSE
	EndGlobalSection
	GlobalSection(ExtensibilityGlobals) = postSolution
		SolutionGuid = {0303CBD6-20E5-4B3F-B047-42329B91D01A}
	EndGlobalSection
EndGlobal
